%{"arc": {:hex, :arc, "0.6.0", "f4ef95b4e72ec5bce8db3474245e8202938b45e431adb34b20a8cda18d98373b", [:mix], [{:ex_aws, "~> 1.0.0", [hex: :ex_aws, optional: true]}, {:httpoison, "~> 0.8", [hex: :httpoison, optional: false]}, {:poison, "~> 2.0 or ~> 3.0", [hex: :poison, optional: true]}, {:sweet_xml, "~> 0.5", [hex: :sweet_xml, optional: true]}]},
  "arc_ecto": {:hex, :arc_ecto, "0.5.0", "ae5369e3c9a956bd7eacf1d8e2163970cfc2cf6c2e9ce79eeef91888e6f6a05e", [:mix], [{:arc, "~> 0.6.0", [hex: :arc, optional: false]}, {:ecto, "~> 2.0", [hex: :ecto, optional: false]}]},
  "bamboo": {:hex, :bamboo, "0.8.0", "573889a3efcb906bb9d25a1c4caa4ca22f479235e1b8cc3260d8b88dabeb4b14", [:mix], [{:hackney, "~> 1.6", [hex: :hackney, optional: false]}, {:plug, "~> 1.0", [hex: :plug, optional: false]}, {:poison, ">= 1.5.0", [hex: :poison, optional: false]}]},
  "bamboo_postmark": {:hex, :bamboo_postmark, "0.2.0", "9c51d09b4e619559d5a98054a603ed6f1157f5ba59847b9748ecbb49896e16fc", [:mix], [{:bamboo, "~> 0.5", [hex: :bamboo, optional: false]}, {:hackney, "~> 1.6", [hex: :hackney, optional: false]}, {:plug, "~> 1.0", [hex: :plug, optional: false]}, {:poison, ">= 1.5.0", [hex: :poison, optional: false]}]},
  "base64url": {:hex, :base64url, "0.0.1", "36a90125f5948e3afd7be97662a1504b934dd5dac78451ca6e9abf85a10286be", [:rebar], []},
  "benchfella": {:hex, :benchfella, "0.3.3", "bbde48b5fe1ef556baa7ad933008e214e050e81ddb0916350715f5759fb35c0c", [:mix], []},
  "bunt": {:hex, :bunt, "0.2.0", "951c6e801e8b1d2cbe58ebbd3e616a869061ddadcc4863d0a2182541acae9a38", [:mix], []},
  "canada": {:hex, :canada, "1.0.1", "da96d0ff101a0c2a6cc7b07d92b8884ff6508f058781d3679999416feacf41c5", [:mix], []},
  "canary": {:hex, :canary, "1.1.0", "3599012f5393c2fdb18c9129853a9fc6cd115ebfdcc0725af7b52398b9ed5c7b", [:mix], [{:canada, "~> 1.0.0", [hex: :canada, optional: false]}, {:ecto, ">= 1.1.0", [hex: :ecto, optional: false]}, {:plug, "~> 1.0", [hex: :plug, optional: false]}]},
  "certifi": {:hex, :certifi, "0.4.0", "a7966efb868b179023618d29a407548f70c52466bf1849b9e8ebd0e34b7ea11f", [:rebar3], []},
  "cloudex": {:hex, :cloudex, "0.1.10", "a16f08bc7e7eaabe90dba874f012910dade36c1aa541d2dba26465feedafb8ff", [:mix], [{:httpoison, "~> 0.9.0", [hex: :httpoison, optional: false]}, {:poison, "~> 2.2.0", [hex: :poison, optional: false]}, {:timex, "~> 3.0.8", [hex: :timex, optional: false]}, {:tzdata, "~> 0.5.9", [hex: :tzdata, optional: false]}]},
  "combine": {:hex, :combine, "0.9.6", "8d1034a127d4cbf6924c8a5010d3534d958085575fa4d9b878f200d79ac78335", [:mix], []},
  "comeonin": {:hex, :comeonin, "2.6.0", "74c288338b33205f9ce97e2117bb9a2aaab103a1811d243443d76fdb62f904ac", [:make, :mix], []},
  "connection": {:hex, :connection, "1.0.4", "a1cae72211f0eef17705aaededacac3eb30e6625b04a6117c1b2db6ace7d5976", [:mix], []},
  "corsica": {:hex, :corsica, "0.5.0", "eb5b2fccc5bc4f31b8e2b77dd15f5f302aca5d63286c953e8e916f806056d50c", [:mix], [{:cowboy, ">= 1.0.0", [hex: :cowboy, optional: false]}, {:plug, ">= 0.9.0", [hex: :plug, optional: false]}]},
  "cowboy": {:hex, :cowboy, "1.1.2", "61ac29ea970389a88eca5a65601460162d370a70018afe6f949a29dca91f3bb0", [:rebar3], [{:cowlib, "~> 1.0.2", [hex: :cowlib, optional: false]}, {:ranch, "~> 1.3.2", [hex: :ranch, optional: false]}]},
  "cowlib": {:hex, :cowlib, "1.0.2", "9d769a1d062c9c3ac753096f868ca121e2730b9a377de23dec0f7e08b1df84ee", [:make], []},
  "credo": {:hex, :credo, "0.6.0", "44a82f82b94eeb4ba6092c89b8a6730ca1a3291c7940739d5acc8806d25ac991", [:mix], [{:bunt, "~> 0.2.0", [hex: :bunt, optional: false]}]},
  "db_connection": {:hex, :db_connection, "1.1.2", "2865c2a4bae0714e2213a0ce60a1b12d76a6efba0c51fbda59c9ab8d1accc7a8", [:mix], [{:connection, "~> 1.0.2", [hex: :connection, optional: false]}, {:poolboy, "~> 1.5", [hex: :poolboy, optional: true]}, {:sbroker, "~> 1.0", [hex: :sbroker, optional: true]}]},
  "decimal": {:hex, :decimal, "1.3.1", "157b3cedb2bfcb5359372a7766dd7a41091ad34578296e951f58a946fcab49c6", [:mix], []},
  "dialyxir": {:hex, :dialyxir, "0.4.3", "a4daeebd0107de10d3bbae2ccb6b8905e69544db1ed5fe9148ad27cd4cb2c0cd", [:mix], []},
  "earmark": {:hex, :earmark, "1.1.1", "433136b7f2e99cde88b745b3a0cfc3fbc81fe58b918a09b40fce7f00db4d8187", [:mix], []},
  "ecto": {:hex, :ecto, "2.1.4", "d1ba932813ec0e0d9db481ef2c17777f1cefb11fc90fa7c142ff354972dfba7e", [:mix], [{:db_connection, "~> 1.1", [hex: :db_connection, optional: true]}, {:decimal, "~> 1.2", [hex: :decimal, optional: false]}, {:mariaex, "~> 0.8.0", [hex: :mariaex, optional: true]}, {:poison, "~> 2.2 or ~> 3.0", [hex: :poison, optional: true]}, {:poolboy, "~> 1.5", [hex: :poolboy, optional: false]}, {:postgrex, "~> 0.13.0", [hex: :postgrex, optional: true]}, {:sbroker, "~> 1.0", [hex: :sbroker, optional: true]}]},
  "ecto_ordered": {:hex, :ecto_ordered, "0.2.0-beta1", "cb066bc608f1c8913cea85af8293261720e6a88e3c99061e6877d7025352f045", [:mix], [{:ecto, "~> 2.0", [hex: :ecto, optional: false]}]},
  "ex_aws": {:hex, :ex_aws, "1.0.0", "509368ffbd38b405faefda95eb30012fc7b791fad6574ef427cc4ad0f4f5b533", [:mix], [{:configparser_ex, "~> 0.2.1", [hex: :configparser_ex, optional: true]}, {:gen_stage, "~> 0.8.0", [hex: :gen_stage, optional: false]}, {:hackney, "1.6.1", [hex: :hackney, optional: true]}, {:jsx, "~> 2.8", [hex: :jsx, optional: true]}, {:poison, ">= 1.2.0", [hex: :poison, optional: true]}, {:sweet_xml, "~> 0.5", [hex: :sweet_xml, optional: true]}]},
  "ex_doc": {:hex, :ex_doc, "0.14.5", "c0433c8117e948404d93ca69411dd575ec6be39b47802e81ca8d91017a0cf83c", [:mix], [{:earmark, "~> 1.0", [hex: :earmark, optional: false]}]},
  "ex_machina": {:hex, :ex_machina, "1.0.2", "1cc49e1a09e3f7ab2ecb630c17f14c2872dc4ec145d6d05a9c3621936a63e34f", [:mix], [{:ecto, "~> 2.0", [hex: :ecto, optional: true]}]},
  "excoveralls": {:hex, :excoveralls, "0.6.1", "9e946b6db84dba592f47632157ecd135a46384b98a430fd16007dc910c70348b", [:mix], [{:exjsx, "~> 3.0", [hex: :exjsx, optional: false]}, {:hackney, ">= 0.12.0", [hex: :hackney, optional: false]}]},
  "exjsx": {:hex, :exjsx, "3.2.1", "1bc5bf1e4fd249104178f0885030bcd75a4526f4d2a1e976f4b428d347614f0f", [:mix], [{:jsx, "~> 2.8.0", [hex: :jsx, optional: false]}]},
  "fs": {:hex, :fs, "2.12.0", "ad631efacc9a5683c8eaa1b274e24fa64a1b8eb30747e9595b93bec7e492e25e", [:rebar3], []},
  "gen_stage": {:hex, :gen_stage, "0.8.0", "a76e3f0530f86fae8b8a1021c06527b1ec171cf4c0bdfecd8d5ad0376d1205af", [:mix], []},
  "gettext": {:hex, :gettext, "0.13.1", "5e0daf4e7636d771c4c71ad5f3f53ba09a9ae5c250e1ab9c42ba9edccc476263", [:mix], []},
  "guardian": {:hex, :guardian, "0.14.2", "b1db9ef172b3d47259eed3cf463321a3ed2cfadee471f271810b0e4c18b2ac22", [:mix], [{:jose, "~> 1.8", [hex: :jose, optional: false]}, {:phoenix, "~> 1.2.0", [hex: :phoenix, optional: true]}, {:plug, "~> 1.0", [hex: :plug, optional: false]}, {:poison, ">= 1.3.0", [hex: :poison, optional: false]}, {:uuid, ">=1.1.1", [hex: :uuid, optional: false]}]},
  "hackney": {:hex, :hackney, "1.6.1", "ddd22d42db2b50e6a155439c8811b8f6df61a4395de10509714ad2751c6da817", [:rebar3], [{:certifi, "0.4.0", [hex: :certifi, optional: false]}, {:idna, "1.2.0", [hex: :idna, optional: false]}, {:metrics, "1.0.1", [hex: :metrics, optional: false]}, {:mimerl, "1.0.2", [hex: :mimerl, optional: false]}, {:ssl_verify_fun, "1.1.0", [hex: :ssl_verify_fun, optional: false]}]},
  "httpoison": {:hex, :httpoison, "0.9.2", "a211a8e87403a043c41218e64df250d321f236ac57f786c6a0ccf3e9e817c819", [:mix], [{:hackney, "~> 1.6.0", [hex: :hackney, optional: false]}]},
  "idna": {:hex, :idna, "1.2.0", "ac62ee99da068f43c50dc69acf700e03a62a348360126260e87f2b54eced86b2", [:rebar3], []},
  "inch_ex": {:hex, :inch_ex, "0.5.5", "b63f57e281467bd3456461525fdbc9e158c8edbe603da6e3e4671befde796a3d", [:mix], [{:poison, "~> 1.5 or ~> 2.0 or ~> 3.0", [hex: :poison, optional: false]}]},
  "inflex": {:hex, :inflex, "1.8.0", "7cfc752ae244b30b42ac9cf4c092771b485bc3424139aba4a933e54be8c63931", [:mix], []},
  "ja_resource": {:hex, :ja_resource, "0.3.0", "f4f0acb8b798819044474af5a6d65dac8f0953ae4b0fb1532e1a8f7fc32cb93c", [:mix], [{:ecto, "~> 2.0", [hex: :ecto, optional: false]}, {:ja_serializer, "~> 0.9", [hex: :ja_serializer, optional: false]}, {:phoenix, "~> 1.1", [hex: :phoenix, optional: false]}, {:plug, "~> 1.2", [hex: :plug, optional: false]}]},
  "ja_serializer": {:hex, :ja_serializer, "0.11.2", "952b59b480e656e0bd991c5822dda4dfc6c507f1c55d6eaea363cd84e6002e2c", [:mix], [{:inflex, "~> 1.4", [hex: :inflex, optional: false]}, {:plug, "> 1.0.0", [hex: :plug, optional: false]}, {:poison, "~> 1.4 or ~> 2.0", [hex: :poison, optional: false]}, {:scrivener, "~> 1.2 or ~> 2.0", [hex: :scrivener, optional: true]}]},
  "jose": {:hex, :jose, "1.8.0", "1ee027c5c0ff3922e3bfe58f7891509e8f87f771ba609ee859e623cc60237574", [:mix, :rebar3], [{:base64url, "~> 0.0.1", [hex: :base64url, optional: false]}]},
  "jsx": {:hex, :jsx, "2.8.1", "1453b4eb3615acb3e2cd0a105d27e6761e2ed2e501ac0b390f5bbec497669846", [:mix, :rebar3], []},
  "metrics": {:hex, :metrics, "1.0.1", "25f094dea2cda98213cecc3aeff09e940299d950904393b2a29d191c346a8486", [:rebar3], []},
  "mime": {:hex, :mime, "1.1.0", "01c1d6f4083d8aa5c7b8c246ade95139620ef8effb009edde934e0ec3b28090a", [:mix], []},
  "mimerl": {:hex, :mimerl, "1.0.2", "993f9b0e084083405ed8252b99460c4f0563e41729ab42d9074fd5e52439be88", [:rebar3], []},
  "mix_test_watch": {:hex, :mix_test_watch, "0.3.0", "25c335ebb241ad06fed34453e340a64f9cc1dfcd7011bd98ef097fdf3d6a92d7", [:mix], [{:fs, "~> 2.12", [hex: :fs, optional: false]}]},
  "money": {:hex, :money, "1.2.1", "fdcc7b021b894dbcc2cd0f57d2ccdd2224eced747231337a849424ffaa196b13", [:mix], [{:ecto, "~> 1.0 or ~> 2.0 or ~> 2.1", [hex: :ecto, optional: true]}, {:phoenix_html, "~> 2.0", [hex: :phoenix_html, optional: true]}]},
  "phoenix": {:hex, :phoenix, "1.2.3", "b68dd6a7e6ff3eef38ad59771007d2f3f344988ea6e658e9b2c6ffb2ef494810", [:mix], [{:cowboy, "~> 1.0", [hex: :cowboy, optional: true]}, {:phoenix_pubsub, "~> 1.0", [hex: :phoenix_pubsub, optional: false]}, {:plug, "~> 1.4 or ~> 1.3.3 or ~> 1.2.4 or ~> 1.1.8 or ~> 1.0.5", [hex: :plug, optional: false]}, {:poison, "~> 1.5 or ~> 2.0", [hex: :poison, optional: false]}]},
  "phoenix_ecto": {:hex, :phoenix_ecto, "3.2.1", "6cf11d590c61977f50fcb98ad8a10ee90ba8670a82cbf5eaf49cfaee2e95e8b7", [:mix], [{:ecto, "~> 2.1", [hex: :ecto, optional: false]}, {:phoenix_html, "~> 2.9", [hex: :phoenix_html, optional: false]}, {:plug, "~> 1.0", [hex: :plug, optional: false]}]},
  "phoenix_html": {:hex, :phoenix_html, "2.9.2", "371160b30cf4e10443b015efce6f03e1f19aae98ff6487620477b13a5b2ef660", [:mix], [{:plug, "~> 1.0", [hex: :plug, optional: false]}]},
  "phoenix_live_reload": {:hex, :phoenix_live_reload, "1.0.7", "167ab0942e88d1d4a597996cf7dd8d2b014cc14d3f9472b58858cde8dd9ac2e4", [:mix], [{:fs, "~> 2.12.0", [hex: :fs, optional: false]}, {:phoenix, "~> 1.0 or ~> 1.2-rc", [hex: :phoenix, optional: false]}]},
  "phoenix_pubsub": {:hex, :phoenix_pubsub, "1.0.1", "c10ddf6237007c804bf2b8f3c4d5b99009b42eca3a0dfac04ea2d8001186056a", [:mix], []},
  "plug": {:hex, :plug, "1.3.3", "d9be189924379b4e9d470caef87380d09549aea1ceafe6a0d41292c8c317c923", [:mix], [{:cowboy, "~> 1.0.1 or ~> 1.1", [hex: :cowboy, optional: true]}, {:mime, "~> 1.0", [hex: :mime, optional: false]}]},
  "poison": {:hex, :poison, "2.2.0", "4763b69a8a77bd77d26f477d196428b741261a761257ff1cf92753a0d4d24a63", [:mix], []},
  "poolboy": {:hex, :poolboy, "1.5.1", "6b46163901cfd0a1b43d692657ed9d7e599853b3b21b95ae5ae0a777cf9b6ca8", [:rebar], []},
  "postgrex": {:hex, :postgrex, "0.13.2", "2b88168fc6a5456a27bfb54ccf0ba4025d274841a7a3af5e5deb1b755d95154e", [:mix], [{:connection, "~> 1.0", [hex: :connection, optional: false]}, {:db_connection, "~> 1.1", [hex: :db_connection, optional: false]}, {:decimal, "~> 1.0", [hex: :decimal, optional: false]}]},
  "ranch": {:hex, :ranch, "1.3.2", "e4965a144dc9fbe70e5c077c65e73c57165416a901bd02ea899cfd95aa890986", [:rebar3], []},
  "scrivener": {:hex, :scrivener, "2.2.1", "5a84cdfc042e3c318a03f965d8197b8294676a8fff7c4a29e482a90c467ebf19", [:mix], []},
  "scrivener_ecto": {:hex, :scrivener_ecto, "1.1.3", "f5615f67964e43e8c9958263939bc365c4783cac652dc282784bbd32bb14723f", [:mix], [{:ecto, "~> 2.0", [hex: :ecto, optional: false]}, {:postgrex, "~> 0.11.0 or ~> 0.12.0 or ~> 0.13.0", [hex: :postgrex, optional: true]}, {:scrivener, "~> 2.0", [hex: :scrivener, optional: false]}]},
  "segment": {:hex, :segment, "0.1.1", "47bf9191590e7a533c105d1e21518e0d6da47c91e8d98ebb649c624db5dfc359", [:mix], [{:httpoison, "~> 0.8", [hex: :httpoison, optional: false]}, {:poison, "~> 1.3 or ~> 2.0", [hex: :poison, optional: false]}]},
  "sentry": {:hex, :sentry, "2.1.0", "51e7ca261b519294ac73b30763893c4a7ad2005205514aefa5bf37ccb83e44ea", [:mix], [{:hackney, "~> 1.6.1", [hex: :hackney, optional: false]}, {:plug, "~> 1.0", [hex: :plug, optional: true]}, {:poison, "~> 1.5 or ~> 2.0 or ~> 3.0", [hex: :poison, optional: false]}, {:uuid, "~> 1.0", [hex: :uuid, optional: false]}]},
  "ssl_verify_fun": {:hex, :ssl_verify_fun, "1.1.0", "edee20847c42e379bf91261db474ffbe373f8acb56e9079acb6038d4e0bf414f", [:make, :rebar], []},
  "stripity_stripe": {:git, "https://github.com/code-corps/stripity_stripe.git", "6a394e8254551b4da112236e529cd829926534d1", [branch: "2.0"]},
  "sweet_xml": {:hex, :sweet_xml, "0.6.4", "5d613e63033b1d6362898f3f1d65f70a352b32d4b32e1367bb20b8c2e30ba79d", [:mix], []},
  "timber": {:hex, :timber, "0.4.7", "df3fcd79bcb4eb4b53874d906ef5f3a212937b4bc7b7c5b244745202cc389443", [:mix], [{:ecto, "~> 2.0", [hex: :ecto, optional: true]}, {:phoenix, "~> 1.2", [hex: :phoenix, optional: true]}, {:plug, "~> 1.2", [hex: :plug, optional: true]}, {:poison, "~> 2.0 or ~> 3.0", [hex: :poison, optional: false]}]},
  "timex": {:hex, :timex, "3.0.8", "71d5ebafcdc557c6c866cdc196c5054f587e7cd1118ad8937e2293d51fc85608", [:mix], [{:combine, "~> 0.7", [hex: :combine, optional: false]}, {:gettext, "~> 0.10", [hex: :gettext, optional: false]}, {:tzdata, "~> 0.1.8 or ~> 0.5", [hex: :tzdata, optional: false]}]},
  "timex_ecto": {:hex, :timex_ecto, "3.1.1", "37d54f6879d96a6789bb497296531cfb853631de78e152969d95cff03c1368dd", [:mix], [{:ecto, "~> 2.1.0", [hex: :ecto, optional: false]}, {:timex, "~> 3.0", [hex: :timex, optional: false]}]},
  "tzdata": {:hex, :tzdata, "0.5.10", "087e8dfe8c0283473115ad8ca6974b898ecb55ca5c725427a142a79593391e90", [:mix], [{:hackney, "~> 1.0", [hex: :hackney, optional: false]}]},
  "uuid": {:hex, :uuid, "1.1.6", "4927232f244e69c6e255643014c2d639dad5b8313dc2a6976ee1c3724e6ca60d", [:mix], []}}
