%{"arc": {:git, "https://github.com/stavro/arc.git", "354d4d2e1b86bcd6285db3528118fe3f5db36cf5", [ref: "354d4d2e1b86bcd6285db3528118fe3f5db36cf5"]},
  "arc_ecto": {:hex, :arc_ecto, "0.4.4", "2ea481a546ceb79090e90984de1a423a1a8a04fe78c871ab05b09f1dffcf9e35", [:mix], [{:arc, "~> 0.5.3", [hex: :arc, optional: false]}, {:ecto, "~> 2.0", [hex: :ecto, optional: false]}]},
  "base64url": {:hex, :base64url, "0.0.1", "36a90125f5948e3afd7be97662a1504b934dd5dac78451ca6e9abf85a10286be", [:rebar], []},
  "bunt": {:hex, :bunt, "0.1.6", "5d95a6882f73f3b9969fdfd1953798046664e6f77ec4e486e6fafc7caad97c6f", [:mix], []},
  "canada": {:hex, :canada, "1.0.1", "da96d0ff101a0c2a6cc7b07d92b8884ff6508f058781d3679999416feacf41c5", [:mix], []},
  "canary": {:hex, :canary, "1.0.0", "55e130bd015001d2fcdc16be23994c6bb711205a625f340d7a74f1c29825d4ba", [:mix], [{:canada, "~> 1.0.0", [hex: :canada, optional: false]}, {:ecto, ">= 1.1.0", [hex: :ecto, optional: false]}, {:plug, "~> 1.0", [hex: :plug, optional: false]}]},
  "certifi": {:hex, :certifi, "0.4.0", "a7966efb868b179023618d29a407548f70c52466bf1849b9e8ebd0e34b7ea11f", [:rebar3], []},
  "comeonin": {:hex, :comeonin, "2.5.3", "ccd70ebf465eaf4e11fc5a13fd0f5be2538b6b4975d4f7a13d571670b31da060", [:mix, :make, :make], []},
  "connection": {:hex, :connection, "1.0.4", "a1cae72211f0eef17705aaededacac3eb30e6625b04a6117c1b2db6ace7d5976", [:mix], []},
  "corsica": {:hex, :corsica, "0.5.0", "eb5b2fccc5bc4f31b8e2b77dd15f5f302aca5d63286c953e8e916f806056d50c", [:mix], [{:cowboy, ">= 1.0.0", [hex: :cowboy, optional: false]}, {:plug, ">= 0.9.0", [hex: :plug, optional: false]}]},
  "cowboy": {:hex, :cowboy, "1.0.4", "a324a8df9f2316c833a470d918aaf73ae894278b8aa6226ce7a9bf699388f878", [:rebar, :make], [{:cowlib, "~> 1.0.0", [hex: :cowlib, optional: false]}, {:ranch, "~> 1.0", [hex: :ranch, optional: false]}]},
  "cowlib": {:hex, :cowlib, "1.0.2", "9d769a1d062c9c3ac753096f868ca121e2730b9a377de23dec0f7e08b1df84ee", [:make], []},
  "credo": {:hex, :credo, "0.4.11", "03a64e9d53309b7132556284dda0be57ba1013885725124cfea7748d740c6170", [:mix], [{:bunt, "~> 0.1.6", [hex: :bunt, optional: false]}]},
  "db_connection": {:hex, :db_connection, "1.0.0-rc.5", "1d9ab6e01387bdf2de7a16c56866971f7c2f75aea7c69cae2a0346e4b537ae0d", [:mix], [{:connection, "~> 1.0.2", [hex: :connection, optional: false]}, {:poolboy, "~> 1.5", [hex: :poolboy, optional: true]}, {:sbroker, "~> 1.0.0-beta.3", [hex: :sbroker, optional: true]}]},
  "decimal": {:hex, :decimal, "1.2.0", "462960fd71af282e570f7b477f6be56bf8968e68277d4d0b641a635269bf4b0d", [:mix], []},
  "earmark": {:hex, :earmark, "1.0.1", "2c2cd903bfdc3de3f189bd9a8d4569a075b88a8981ded9a0d95672f6e2b63141", [:mix], []},
  "ecto": {:hex, :ecto, "2.0.5", "7f4c79ac41ffba1a4c032b69d7045489f0069c256de606523c65d9f8188e502d", [:mix], [{:db_connection, "~> 1.0-rc.4", [hex: :db_connection, optional: true]}, {:decimal, "~> 1.1.2 or ~> 1.2", [hex: :decimal, optional: false]}, {:mariaex, "~> 0.7.7", [hex: :mariaex, optional: true]}, {:poison, "~> 1.5 or ~> 2.0", [hex: :poison, optional: true]}, {:poolboy, "~> 1.5", [hex: :poolboy, optional: false]}, {:postgrex, "~> 0.12.0", [hex: :postgrex, optional: true]}, {:sbroker, "~> 1.0-beta", [hex: :sbroker, optional: true]}]},
  "ex_aws": {:hex, :ex_aws, "0.5.0", "6ca02f1e8fe8340aa2eee66d9f08efcd6ff1f9f4ef7264669d0756e0b3917218", [:mix], [{:httpoison, "~> 0.8", [hex: :httpoison, optional: true]}, {:jsx, "~> 2.5", [hex: :jsx, optional: true]}, {:poison, "~> 1.2 or ~> 2.0", [hex: :poison, optional: true]}, {:sweet_xml, "~> 0.5", [hex: :sweet_xml, optional: true]}]},
  "ex_doc": {:hex, :ex_doc, "0.13.2", "1059a588d2ad3ffab25a0b85c58abf08e437d3e7a9124ac255e1d15cec68ab79", [:mix], [{:earmark, "~> 1.0", [hex: :earmark, optional: false]}]},
  "ex_machina": {:hex, :ex_machina, "1.0.2", "1cc49e1a09e3f7ab2ecb630c17f14c2872dc4ec145d6d05a9c3621936a63e34f", [:mix], [{:ecto, "~> 2.0", [hex: :ecto, optional: true]}]},
  "excoveralls": {:hex, :excoveralls, "0.5.7", "5d26e4a7cdf08294217594a1b0643636accc2ad30e984d62f1d166f70629ff50", [:mix], [{:exjsx, "~> 3.0", [hex: :exjsx, optional: false]}, {:hackney, ">= 0.12.0", [hex: :hackney, optional: false]}]},
  "exjsx": {:hex, :exjsx, "3.2.1", "1bc5bf1e4fd249104178f0885030bcd75a4526f4d2a1e976f4b428d347614f0f", [:mix], [{:jsx, "~> 2.8.0", [hex: :jsx, optional: false]}]},
  "fs": {:hex, :fs, "0.9.2", "ed17036c26c3f70ac49781ed9220a50c36775c6ca2cf8182d123b6566e49ec59", [:rebar], []},
  "gettext": {:hex, :gettext, "0.11.0", "80c1dd42d270482418fa158ec5ba073d2980e3718bacad86f3d4ad71d5667679", [:mix], []},
  "guardian": {:hex, :guardian, "0.13.0", "37c5b5302617276093570ee938baca146f53e1d5de1f5c2b8effb1d2fea596d2", [:mix], [{:jose, "~> 1.8", [hex: :jose, optional: false]}, {:phoenix, "~> 1.2.0", [hex: :phoenix, optional: true]}, {:plug, "~> 1.0", [hex: :plug, optional: false]}, {:poison, ">= 1.3.0", [hex: :poison, optional: false]}, {:uuid, ">=1.1.1", [hex: :uuid, optional: false]}]},
  "hackney": {:hex, :hackney, "1.6.1", "ddd22d42db2b50e6a155439c8811b8f6df61a4395de10509714ad2751c6da817", [:rebar3], [{:certifi, "0.4.0", [hex: :certifi, optional: false]}, {:idna, "1.2.0", [hex: :idna, optional: false]}, {:metrics, "1.0.1", [hex: :metrics, optional: false]}, {:mimerl, "1.0.2", [hex: :mimerl, optional: false]}, {:ssl_verify_fun, "1.1.0", [hex: :ssl_verify_fun, optional: false]}]},
  "httpoison": {:hex, :httpoison, "0.8.3", "b675a3fdc839a0b8d7a285c6b3747d6d596ae70b6ccb762233a990d7289ccae4", [:mix], [{:hackney, "~> 1.6.0", [hex: :hackney, optional: false]}]},
  "idna": {:hex, :idna, "1.2.0", "ac62ee99da068f43c50dc69acf700e03a62a348360126260e87f2b54eced86b2", [:rebar3], []},
  "inch_ex": {:hex, :inch_ex, "0.5.4", "a2b032ad141a335a0a119f49b157b36326f5928d16a1d129b0f582398fdc25d2", [:mix], [{:poison, "~> 1.5 or ~> 2.0", [hex: :poison, optional: false]}]},
  "inflex": {:hex, :inflex, "1.7.0", "4466a34b7d8e871d8164619ba0f3b8410ec782e900f0ae1d3d27a5875a29532e", [:mix], []},
  "ja_resource": {:hex, :ja_resource, "0.1.0", "eed6443e7337147264bf28badabad48eb0cc32493ff06a48ac19d4b3657f5029", [:mix], [{:ecto, "~> 2.0", [hex: :ecto, optional: false]}, {:ja_serializer, "~> 0.9", [hex: :ja_serializer, optional: false]}, {:phoenix, "~> 1.1", [hex: :phoenix, optional: false]}, {:plug, "~> 1.2", [hex: :plug, optional: false]}]},
  "ja_serializer": {:hex, :ja_serializer, "0.11.0", "6c8ded7cfd4cd226812e97445bedd2f6d47e19c5d8b987f58cf552518c98fbd1", [:mix], [{:inflex, "~> 1.4", [hex: :inflex, optional: false]}, {:plug, "> 1.0.0", [hex: :plug, optional: false]}, {:poison, "~> 1.4 or ~> 2.0", [hex: :poison, optional: false]}, {:scrivener, "~> 1.2 or ~> 2.0", [hex: :scrivener, optional: true]}]},
  "jose": {:hex, :jose, "1.8.0", "1ee027c5c0ff3922e3bfe58f7891509e8f87f771ba609ee859e623cc60237574", [:mix, :rebar3], [{:base64url, "~> 0.0.1", [hex: :base64url, optional: false]}]},
  "jsx": {:hex, :jsx, "2.8.0", "749bec6d205c694ae1786d62cea6cc45a390437e24835fd16d12d74f07097727", [:mix, :rebar], []},
  "metrics": {:hex, :metrics, "1.0.1", "25f094dea2cda98213cecc3aeff09e940299d950904393b2a29d191c346a8486", [:rebar3], []},
  "mime": {:hex, :mime, "1.0.1", "05c393850524767d13a53627df71beeebb016205eb43bfbd92d14d24ec7a1b51", [:mix], []},
  "mimerl": {:hex, :mimerl, "1.0.2", "993f9b0e084083405ed8252b99460c4f0563e41729ab42d9074fd5e52439be88", [:rebar3], []},
  "mix_test_watch": {:hex, :mix_test_watch, "0.2.6", "9fcc2b1b89d1594c4a8300959c19d50da2f0ff13642c8f681692a6e507f92cab", [:mix], [{:fs, "~> 0.9.1", [hex: :fs, optional: false]}]},
  "phoenix": {:hex, :phoenix, "1.2.1", "6dc592249ab73c67575769765b66ad164ad25d83defa3492dc6ae269bd2a68ab", [:mix], [{:cowboy, "~> 1.0", [hex: :cowboy, optional: true]}, {:phoenix_pubsub, "~> 1.0", [hex: :phoenix_pubsub, optional: false]}, {:plug, "~> 1.1", [hex: :plug, optional: false]}, {:poison, "~> 1.5 or ~> 2.0", [hex: :poison, optional: false]}]},
  "phoenix_ecto": {:hex, :phoenix_ecto, "3.0.1", "42eb486ef732cf209d0a353e791806721f33ff40beab0a86f02070a5649ed00a", [:mix], [{:ecto, "~> 2.0", [hex: :ecto, optional: false]}, {:phoenix_html, "~> 2.6", [hex: :phoenix_html, optional: true]}, {:plug, "~> 1.0", [hex: :plug, optional: false]}]},
  "phoenix_html": {:hex, :phoenix_html, "2.7.0", "19e12e2044340c2e43df206a06d059677c59ea1868bd1c35165438d592cd420b", [:mix], [{:plug, "~> 1.0", [hex: :plug, optional: false]}]},
  "phoenix_live_reload": {:hex, :phoenix_live_reload, "1.0.5", "829218c4152ba1e9848e2bf8e161fcde6b4ec679a516259442561d21fde68d0b", [:mix], [{:fs, "~> 0.9.1", [hex: :fs, optional: false]}, {:phoenix, "~> 1.0 or ~> 1.2-rc", [hex: :phoenix, optional: false]}]},
  "phoenix_pubsub": {:hex, :phoenix_pubsub, "1.0.0", "c31af4be22afeeebfaf246592778c8c840e5a1ddc7ca87610c41ccfb160c2c57", [:mix], []},
  "plug": {:hex, :plug, "1.2.2", "cfbda521b54c92ab8ddffb173fbaabed8d8fc94bec07cd9bb58a84c1c501b0bd", [:mix], [{:cowboy, "~> 1.0", [hex: :cowboy, optional: true]}, {:mime, "~> 1.0", [hex: :mime, optional: false]}]},
  "poison": {:hex, :poison, "1.5.2", "560bdfb7449e3ddd23a096929fb9fc2122f709bcc758b2d5d5a5c7d0ea848910", [:mix], []},
  "poolboy": {:hex, :poolboy, "1.5.1", "6b46163901cfd0a1b43d692657ed9d7e599853b3b21b95ae5ae0a777cf9b6ca8", [:rebar], []},
  "postgrex": {:hex, :postgrex, "0.12.1", "2f8b46cb3a44dcd42f42938abedbfffe7e103ba4ce810ccbeee8dcf27ca0fb06", [:mix], [{:connection, "~> 1.0", [hex: :connection, optional: false]}, {:db_connection, "~> 1.0-rc.4", [hex: :db_connection, optional: false]}, {:decimal, "~> 1.0", [hex: :decimal, optional: false]}]},
  "ranch": {:hex, :ranch, "1.2.1", "a6fb992c10f2187b46ffd17ce398ddf8a54f691b81768f9ef5f461ea7e28c762", [:make], []},
  "scrivener": {:hex, :scrivener, "2.1.1", "eb52c8b7d283e8999edd6fd50d872ab870669d1f4504134841d0845af11b5ef3", [:mix], []},
  "scrivener_ecto": {:hex, :scrivener_ecto, "1.0.2", "4b10a2e6c23ed8aae59731d7ae71bfd55afea6559aae61b124e6e521055b4a9c", [:mix], [{:ecto, "~> 2.0", [hex: :ecto, optional: false]}, {:postgrex, "~> 0.11.0 or ~> 0.12.0", [hex: :postgrex, optional: true]}, {:scrivener, "~> 2.0", [hex: :scrivener, optional: false]}]},
  "segment": {:git, "https://github.com/stueccles/analytics-elixir.git", "8c2309b40e92c04d78ba9eb77cbb5ced4a6cdd72", []},
  "sentry": {:hex, :sentry, "1.0.0", "a0b6181fda46aff281f01249b87be22305b9c9785d7acc0459677488027107db", [:mix], [{:hackney, "~> 1.6.1", [hex: :hackney, optional: false]}, {:plug, "~> 1.0", [hex: :plug, optional: true]}, {:poison, "~> 1.5 or ~> 2.0", [hex: :poison, optional: false]}, {:uuid, "~> 1.0", [hex: :uuid, optional: false]}]},
  "ssl_verify_fun": {:hex, :ssl_verify_fun, "1.1.0", "edee20847c42e379bf91261db474ffbe373f8acb56e9079acb6038d4e0bf414f", [:rebar, :make], []},
  "stripity_stripe": {:hex, :stripity_stripe, "1.3.0", "0834472751f8e5febec7dc894f3008dafa9f776c4b0d52f155ff828e7e5ac0b2", [:mix], [{:hackney, "~> 1.4.8", [hex: :hackney, optional: false]}, {:httpoison, "~> 0.8.0", [hex: :httpoison, optional: false]}, {:poison, "~> 1.5", [hex: :poison, optional: false]}]},
  "uuid": {:hex, :uuid, "1.1.5", "96cb36d86ee82f912efea4d50464a5df606bf3f1163d6bdbb302d98474969369", [:mix], []}}
