%{"bamboo": {:hex, :bamboo, "0.8.0", "573889a3efcb906bb9d25a1c4caa4ca22f479235e1b8cc3260d8b88dabeb4b14", [:mix], [{:hackney, "~> 1.6", [hex: :hackney, optional: false]}, {:plug, "~> 1.0", [hex: :plug, optional: false]}, {:poison, ">= 1.5.0", [hex: :poison, optional: false]}]},
  "bamboo_postmark": {:hex, :bamboo_postmark, "0.2.0", "9c51d09b4e619559d5a98054a603ed6f1157f5ba59847b9748ecbb49896e16fc", [:mix], [{:bamboo, "~> 0.5", [hex: :bamboo, optional: false]}, {:hackney, "~> 1.6", [hex: :hackney, optional: false]}, {:plug, "~> 1.0", [hex: :plug, optional: false]}, {:poison, ">= 1.5.0", [hex: :poison, optional: false]}]},
  "base64url": {:hex, :base64url, "0.0.1", "36a90125f5948e3afd7be97662a1504b934dd5dac78451ca6e9abf85a10286be", [:rebar], []},
  "benchfella": {:hex, :benchfella, "0.3.4", "41d2c017b361ece5225b5ba2e3b30ae53578c57c6ebc434417b4f1c2c94cf4f3", [:mix], []},
  "bunt": {:hex, :bunt, "0.2.0", "951c6e801e8b1d2cbe58ebbd3e616a869061ddadcc4863d0a2182541acae9a38", [:mix], []},
  "bypass": {:hex, :bypass, "0.6.0", "fd0a8004fada4464e2ba98497755310b892a097f2fd975f4f787cf264066a335", [:mix], [{:cowboy, "~> 1.0", [hex: :cowboy, optional: false]}, {:plug, "~> 1.0", [hex: :plug, optional: false]}]},
  "canada": {:hex, :canada, "1.0.1", "da96d0ff101a0c2a6cc7b07d92b8884ff6508f058781d3679999416feacf41c5", [:mix], []},
  "canary": {:hex, :canary, "1.1.0", "3599012f5393c2fdb18c9129853a9fc6cd115ebfdcc0725af7b52398b9ed5c7b", [:mix], [{:canada, "~> 1.0.0", [hex: :canada, optional: false]}, {:ecto, ">= 1.1.0", [hex: :ecto, optional: false]}, {:plug, "~> 1.0", [hex: :plug, optional: false]}]},
  "certifi": {:hex, :certifi, "0.7.0", "861a57f3808f7eb0c2d1802afeaae0fa5de813b0df0979153cbafcd853ababaf", [:rebar3], []},
  "cloudex": {:hex, :cloudex, "0.1.10", "a16f08bc7e7eaabe90dba874f012910dade36c1aa541d2dba26465feedafb8ff", [:mix], [{:httpoison, "~> 0.9.0", [hex: :httpoison, optional: false]}, {:poison, "~> 2.2.0", [hex: :poison, optional: false]}, {:timex, "~> 3.0.8", [hex: :timex, optional: false]}, {:tzdata, "~> 0.5.9", [hex: :tzdata, optional: false]}]},
  "combine": {:hex, :combine, "0.9.6", "8d1034a127d4cbf6924c8a5010d3534d958085575fa4d9b878f200d79ac78335", [:mix], []},
  "comeonin": {:hex, :comeonin, "2.6.0", "74c288338b33205f9ce97e2117bb9a2aaab103a1811d243443d76fdb62f904ac", [:make, :mix], []},
  "connection": {:hex, :connection, "1.0.4", "a1cae72211f0eef17705aaededacac3eb30e6625b04a6117c1b2db6ace7d5976", [:mix], []},
  "corsica": {:hex, :corsica, "0.5.0", "eb5b2fccc5bc4f31b8e2b77dd15f5f302aca5d63286c953e8e916f806056d50c", [:mix], [{:cowboy, ">= 1.0.0", [hex: :cowboy, optional: false]}, {:plug, ">= 0.9.0", [hex: :plug, optional: false]}]},
  "cowboy": {:hex, :cowboy, "1.1.2", "61ac29ea970389a88eca5a65601460162d370a70018afe6f949a29dca91f3bb0", [:rebar3], [{:cowlib, "~> 1.0.2", [hex: :cowlib, optional: false]}, {:ranch, "~> 1.3.2", [hex: :ranch, optional: false]}]},
  "cowlib": {:hex, :cowlib, "1.0.2", "9d769a1d062c9c3ac753096f868ca121e2730b9a377de23dec0f7e08b1df84ee", [:make], []},
  "credo": {:hex, :credo, "0.7.0", "be777315dd6233edba403625af9fb109394277bc408c0b9df501736b9328466d", [:mix], [{:bunt, "~> 0.2.0", [hex: :bunt, optional: false]}]},
  "db_connection": {:hex, :db_connection, "1.1.2", "2865c2a4bae0714e2213a0ce60a1b12d76a6efba0c51fbda59c9ab8d1accc7a8", [:mix], [{:connection, "~> 1.0.2", [hex: :connection, optional: false]}, {:poolboy, "~> 1.5", [hex: :poolboy, optional: true]}, {:sbroker, "~> 1.0", [hex: :sbroker, optional: true]}]},
  "decimal": {:hex, :decimal, "1.3.1", "157b3cedb2bfcb5359372a7766dd7a41091ad34578296e951f58a946fcab49c6", [:mix], []},
  "dialyxir": {:hex, :dialyxir, "0.5.0", "5bc543f9c28ecd51b99cc1a685a3c2a1a93216990347f259406a910cf048d1d7", [:mix], []},
  "earmark": {:hex, :earmark, "1.2.0", "bf1ce17aea43ab62f6943b97bd6e3dc032ce45d4f787504e3adf738e54b42f3a", [:mix], []},
  "ecto": {:hex, :ecto, "2.1.4", "d1ba932813ec0e0d9db481ef2c17777f1cefb11fc90fa7c142ff354972dfba7e", [:mix], [{:db_connection, "~> 1.1", [hex: :db_connection, optional: true]}, {:decimal, "~> 1.2", [hex: :decimal, optional: false]}, {:mariaex, "~> 0.8.0", [hex: :mariaex, optional: true]}, {:poison, "~> 2.2 or ~> 3.0", [hex: :poison, optional: true]}, {:poolboy, "~> 1.5", [hex: :poolboy, optional: false]}, {:postgrex, "~> 0.13.0", [hex: :postgrex, optional: true]}, {:sbroker, "~> 1.0", [hex: :sbroker, optional: true]}]},
  "ecto_ordered": {:hex, :ecto_ordered, "0.2.0-beta1", "cb066bc608f1c8913cea85af8293261720e6a88e3c99061e6877d7025352f045", [:mix], [{:ecto, "~> 2.0", [hex: :ecto, optional: false]}]},
  "ex_aws": {:hex, :ex_aws, "1.1.2", "b78416d0a84efe92c22e5df8ba7ca028d63b2b4228f95871a1ecf10324b6493b", [:mix], [{:configparser_ex, "~> 0.2.1", [hex: :configparser_ex, optional: true]}, {:hackney, "1.6.3 or 1.6.5 or 1.7.1", [hex: :hackney, optional: true]}, {:jsx, "~> 2.8", [hex: :jsx, optional: true]}, {:poison, ">= 1.2.0", [hex: :poison, optional: true]}, {:sweet_xml, "~> 0.6", [hex: :sweet_xml, optional: true]}, {:xml_builder, "~> 0.0.6", [hex: :xml_builder, optional: true]}]},
  "ex_doc": {:hex, :ex_doc, "0.15.0", "e73333785eef3488cf9144a6e847d3d647e67d02bd6fdac500687854dd5c599f", [:mix], [{:earmark, "~> 1.1", [hex: :earmark, optional: false]}]},
  "ex_machina": {:hex, :ex_machina, "1.0.2", "1cc49e1a09e3f7ab2ecb630c17f14c2872dc4ec145d6d05a9c3621936a63e34f", [:mix], [{:ecto, "~> 2.0", [hex: :ecto, optional: true]}]},
  "excoveralls": {:hex, :excoveralls, "0.6.2", "0e993d096f1fbb6e70a3daced5c89aac066bda6bce57829622aa2d1e2b338cfb", [:mix], [{:exjsx, "~> 3.0", [hex: :exjsx, optional: false]}, {:hackney, ">= 0.12.0", [hex: :hackney, optional: false]}]},
  "exjsx": {:hex, :exjsx, "3.2.1", "1bc5bf1e4fd249104178f0885030bcd75a4526f4d2a1e976f4b428d347614f0f", [:mix], [{:jsx, "~> 2.8.0", [hex: :jsx, optional: false]}]},
  "fs": {:hex, :fs, "0.9.2", "ed17036c26c3f70ac49781ed9220a50c36775c6ca2cf8182d123b6566e49ec59", [:rebar], []},
  "gettext": {:hex, :gettext, "0.13.1", "5e0daf4e7636d771c4c71ad5f3f53ba09a9ae5c250e1ab9c42ba9edccc476263", [:mix], []},
  "guardian": {:hex, :guardian, "0.14.5", "6d4e89b673accdacbc092ad000dc7494019426bd898eebf699caf1d19000cdcd", [:mix], [{:jose, "~> 1.8", [hex: :jose, optional: false]}, {:phoenix, "~> 1.2 and < 1.4.0", [hex: :phoenix, optional: true]}, {:plug, "~> 1.3", [hex: :plug, optional: false]}, {:poison, ">= 1.3.0 and < 4.0.0", [hex: :poison, optional: false]}, {:uuid, ">=1.1.1", [hex: :uuid, optional: false]}]},
  "hackney": {:hex, :hackney, "1.6.5", "8c025ee397ac94a184b0743c73b33b96465e85f90a02e210e86df6cbafaa5065", [:rebar3], [{:certifi, "0.7.0", [hex: :certifi, optional: false]}, {:idna, "1.2.0", [hex: :idna, optional: false]}, {:metrics, "1.0.1", [hex: :metrics, optional: false]}, {:mimerl, "1.0.2", [hex: :mimerl, optional: false]}, {:ssl_verify_fun, "1.1.1", [hex: :ssl_verify_fun, optional: false]}]},
  "httpoison": {:hex, :httpoison, "0.9.2", "a211a8e87403a043c41218e64df250d321f236ac57f786c6a0ccf3e9e817c819", [:mix], [{:hackney, "~> 1.6.0", [hex: :hackney, optional: false]}]},
  "idna": {:hex, :idna, "1.2.0", "ac62ee99da068f43c50dc69acf700e03a62a348360126260e87f2b54eced86b2", [:rebar3], []},
  "inch_ex": {:hex, :inch_ex, "0.5.6", "418357418a553baa6d04eccd1b44171936817db61f4c0840112b420b8e378e67", [:mix], [{:poison, "~> 1.5 or ~> 2.0 or ~> 3.0", [hex: :poison, optional: false]}]},
  "inflex": {:hex, :inflex, "1.8.0", "7cfc752ae244b30b42ac9cf4c092771b485bc3424139aba4a933e54be8c63931", [:mix], []},
  "ja_resource": {:hex, :ja_resource, "0.3.0", "f4f0acb8b798819044474af5a6d65dac8f0953ae4b0fb1532e1a8f7fc32cb93c", [:mix], [{:ecto, "~> 2.0", [hex: :ecto, optional: false]}, {:ja_serializer, "~> 0.9", [hex: :ja_serializer, optional: false]}, {:phoenix, "~> 1.1", [hex: :phoenix, optional: false]}, {:plug, "~> 1.2", [hex: :plug, optional: false]}]},
  "ja_serializer": {:hex, :ja_serializer, "0.11.2", "952b59b480e656e0bd991c5822dda4dfc6c507f1c55d6eaea363cd84e6002e2c", [:mix], [{:inflex, "~> 1.4", [hex: :inflex, optional: false]}, {:plug, "> 1.0.0", [hex: :plug, optional: false]}, {:poison, "~> 1.4 or ~> 2.0", [hex: :poison, optional: false]}, {:scrivener, "~> 1.2 or ~> 2.0", [hex: :scrivener, optional: true]}]},
  "joken": {:hex, :joken, "1.4.1", "16b87dcbad59dfb1e75231b9d6e504d852ce11f849efb7150a41dcad29dba8e1", [:mix], [{:jose, "~> 1.8", [hex: :jose, optional: false]}, {:plug, "~> 1.0", [hex: :plug, optional: true]}, {:poison, "~> 1.5 or ~> 2.0 or ~> 3.0", [hex: :poison, optional: true]}]},
  "jose": {:hex, :jose, "1.8.4", "7946d1e5c03a76ac9ef42a6e6a20001d35987afd68c2107bcd8f01a84e75aa73", [:mix, :rebar3], [{:base64url, "~> 0.0.1", [hex: :base64url, optional: false]}]},
  "jsx": {:hex, :jsx, "2.8.2", "7acc7d785b5abe8a6e9adbde926a24e481f29956dd8b4df49e3e4e7bcc92a018", [:mix, :rebar3], []},
  "metrics": {:hex, :metrics, "1.0.1", "25f094dea2cda98213cecc3aeff09e940299d950904393b2a29d191c346a8486", [:rebar3], []},
  "mime": {:hex, :mime, "1.1.0", "01c1d6f4083d8aa5c7b8c246ade95139620ef8effb009edde934e0ec3b28090a", [:mix], []},
  "mimerl": {:hex, :mimerl, "1.0.2", "993f9b0e084083405ed8252b99460c4f0563e41729ab42d9074fd5e52439be88", [:rebar3], []},
  "mix_test_watch": {:hex, :mix_test_watch, "0.2.6", "9fcc2b1b89d1594c4a8300959c19d50da2f0ff13642c8f681692a6e507f92cab", [:mix], [{:fs, "~> 0.9.1", [hex: :fs, optional: false]}]},
  "money": {:hex, :money, "1.2.1", "fdcc7b021b894dbcc2cd0f57d2ccdd2224eced747231337a849424ffaa196b13", [:mix], [{:ecto, "~> 1.0 or ~> 2.0 or ~> 2.1", [hex: :ecto, optional: true]}, {:phoenix_html, "~> 2.0", [hex: :phoenix_html, optional: true]}]},
  "phoenix": {:hex, :phoenix, "1.3.0", "1c01124caa1b4a7af46f2050ff11b267baa3edb441b45dbf243e979cd4c5891b", [:mix], [{:cowboy, "~> 1.0", [hex: :cowboy, optional: true]}, {:phoenix_pubsub, "~> 1.0", [hex: :phoenix_pubsub, optional: false]}, {:plug, "~> 1.3.3 or ~> 1.4", [hex: :plug, optional: false]}, {:poison, "~> 2.2 or ~> 3.0", [hex: :poison, optional: false]}]},
  "phoenix_ecto": {:hex, :phoenix_ecto, "3.2.3", "450c749876ff1de4a78fdb305a142a76817c77a1cd79aeca29e5fc9a6c630b26", [:mix], [{:ecto, "~> 2.1", [hex: :ecto, optional: false]}, {:phoenix_html, "~> 2.9", [hex: :phoenix_html, optional: true]}, {:plug, "~> 1.0", [hex: :plug, optional: false]}]},
  "phoenix_html": {:hex, :phoenix_html, "2.10.3", "432dec9e04372eeb7a6dbf59a778cf43eb44518441932217371fa535f2bcfd80", [:mix], [{:plug, "~> 1.0", [hex: :plug, optional: false]}]},
  "phoenix_live_reload": {:hex, :phoenix_live_reload, "1.0.8", "4333f9c74190f485a74866beff2f9304f069d53f047f5fbb0fb8d1ee4c495f73", [:mix], [{:fs, "~> 0.9.1", [hex: :fs, optional: false]}, {:phoenix, "~> 1.0 or ~> 1.2-rc", [hex: :phoenix, optional: false]}]},
  "phoenix_pubsub": {:hex, :phoenix_pubsub, "1.0.2", "bfa7fd52788b5eaa09cb51ff9fcad1d9edfeb68251add458523f839392f034c1", [:mix], []},
  "plug": {:hex, :plug, "1.4.3", "236d77ce7bf3e3a2668dc0d32a9b6f1f9b1f05361019946aae49874904be4aed", [:mix], [{:cowboy, "~> 1.0.1 or ~> 1.1", [hex: :cowboy, optional: true]}, {:mime, "~> 1.0", [hex: :mime, optional: false]}]},
  "poison": {:hex, :poison, "2.2.0", "4763b69a8a77bd77d26f477d196428b741261a761257ff1cf92753a0d4d24a63", [:mix], []},
  "poolboy": {:hex, :poolboy, "1.5.1", "6b46163901cfd0a1b43d692657ed9d7e599853b3b21b95ae5ae0a777cf9b6ca8", [:rebar], []},
  "postgrex": {:hex, :postgrex, "0.13.2", "2b88168fc6a5456a27bfb54ccf0ba4025d274841a7a3af5e5deb1b755d95154e", [:mix], [{:connection, "~> 1.0", [hex: :connection, optional: false]}, {:db_connection, "~> 1.1", [hex: :db_connection, optional: false]}, {:decimal, "~> 1.0", [hex: :decimal, optional: false]}]},
  "ranch": {:hex, :ranch, "1.3.2", "e4965a144dc9fbe70e5c077c65e73c57165416a901bd02ea899cfd95aa890986", [:rebar3], []},
  "scrivener": {:hex, :scrivener, "2.2.1", "5a84cdfc042e3c318a03f965d8197b8294676a8fff7c4a29e482a90c467ebf19", [:mix], []},
  "scrivener_ecto": {:hex, :scrivener_ecto, "1.1.4", "056aa1f35d45e3867e45fb57ebf96d46ea3f42425a871387c8e9a55446c5c21b", [:mix], [{:ecto, "~> 2.0", [hex: :ecto, optional: false]}, {:postgrex, "~> 0.11.0 or ~> 0.12.0 or ~> 0.13.0", [hex: :postgrex, optional: true]}, {:scrivener, "~> 2.0", [hex: :scrivener, optional: false]}]},
  "segment": {:hex, :segment, "0.1.1", "47bf9191590e7a533c105d1e21518e0d6da47c91e8d98ebb649c624db5dfc359", [:mix], [{:httpoison, "~> 0.8", [hex: :httpoison, optional: false]}, {:poison, "~> 1.3 or ~> 2.0", [hex: :poison, optional: false]}]},
  "sentry": {:hex, :sentry, "2.2.0", "0d77e0c2c0b0b5d5840acd4b91e7ed8f9cd1ee8325878b3702fec5b92e0226ee", [:mix], [{:hackney, "~> 1.6.1", [hex: :hackney, optional: false]}, {:plug, "~> 1.0", [hex: :plug, optional: true]}, {:poison, "~> 1.5 or ~> 2.0 or ~> 3.0", [hex: :poison, optional: false]}, {:uuid, "~> 1.0", [hex: :uuid, optional: false]}]},
  "ssl_verify_fun": {:hex, :ssl_verify_fun, "1.1.1", "28a4d65b7f59893bc2c7de786dec1e1555bd742d336043fe644ae956c3497fbe", [:make, :rebar], []},
  "stripity_stripe": {:git, "https://github.com/code-corps/stripity_stripe.git", "1e9b87d73710ef901dd6d735d6f2d0a2cef75d1c", [branch: "2.0"]},
  "sweet_xml": {:hex, :sweet_xml, "0.6.5", "dd9cde443212b505d1b5f9758feb2000e66a14d3c449f04c572f3048c66e6697", [:mix], []},
  "tentacat": {:hex, :tentacat, "0.6.2", "e5e5ad95d577dd441e4dcfcab259c9d92b0049f0481a4be6453769d61a956a3b", [:mix], [{:exjsx, "~> 3.2", [hex: :exjsx, optional: false]}, {:httpoison, "~> 0.8", [hex: :httpoison, optional: false]}]},
  "timber": {:hex, :timber, "0.4.7", "df3fcd79bcb4eb4b53874d906ef5f3a212937b4bc7b7c5b244745202cc389443", [:mix], [{:ecto, "~> 2.0", [hex: :ecto, optional: true]}, {:phoenix, "~> 1.2", [hex: :phoenix, optional: true]}, {:plug, "~> 1.2", [hex: :plug, optional: true]}, {:poison, "~> 2.0 or ~> 3.0", [hex: :poison, optional: false]}]},
  "timex": {:hex, :timex, "3.0.8", "71d5ebafcdc557c6c866cdc196c5054f587e7cd1118ad8937e2293d51fc85608", [:mix], [{:combine, "~> 0.7", [hex: :combine, optional: false]}, {:gettext, "~> 0.10", [hex: :gettext, optional: false]}, {:tzdata, "~> 0.1.8 or ~> 0.5", [hex: :tzdata, optional: false]}]},
  "timex_ecto": {:hex, :timex_ecto, "3.1.1", "37d54f6879d96a6789bb497296531cfb853631de78e152969d95cff03c1368dd", [:mix], [{:ecto, "~> 2.1.0", [hex: :ecto, optional: false]}, {:timex, "~> 3.0", [hex: :timex, optional: false]}]},
  "tzdata": {:hex, :tzdata, "0.5.11", "3d5469a9f46bdf4a8760333dbdabdcc4751325035c454b10521f71e7c611ae50", [:mix], [{:hackney, "~> 1.0", [hex: :hackney, optional: false]}]},
  "uri_query": {:hex, :uri_query, "0.1.2", "ae35b83b472f3568c2c159eee3f3ccf585375d8a94fb5382db1ea3589e75c3b4", [:mix], []},
  "uuid": {:hex, :uuid, "1.1.7", "007afd58273bc0bc7f849c3bdc763e2f8124e83b957e515368c498b641f7ab69", [:mix], []}}
